
Microsoft Visual Studio Solution File, Format Version 12.00
# Visual Studio 15
VisualStudioVersion = 15.0.28307.329
MinimumVisualStudioVersion = 10.0.40219.1
Project("{FAE04EC0-301F-11D3-BF4B-00C04F79EFBC}") = "Lab Assignment 2", "Lab Assignment 2\Lab Assignment 2.csproj", "{A40B675C-83C1-4FC3-B667-987AC4FBE7E3}"
EndProject
Global
	GlobalSection(SolutionConfigurationPlatforms) = preSolution
		Debug|Any CPU = Debug|Any CPU
		Release|Any CPU = Release|Any CPU
	EndGlobalSection
	GlobalSection(ProjectConfigurationPlatforms) = postSolution
		{A40B675C-83C1-4FC3-B667-987AC4FBE7E3}.Debug|Any CPU.ActiveCfg = Debug|Any CPU
		{A40B675C-83C1-4FC3-B667-987AC4FBE7E3}.Debug|Any CPU.Build.0 = Debug|Any CPU
		{A40B675C-83C1-4FC3-B667-987AC4FBE7E3}.Release|Any CPU.ActiveCfg = Release|Any CPU
		{A40B675C-83C1-4FC3-B667-987AC4FBE7E3}.Release|Any CPU.Build.0 = Release|Any CPU
	EndGlobalSection
	GlobalSection(SolutionProperties) = preSolution
		HideSolutionNode = FALSE
	EndGlobalSection
	GlobalSection(ExtensibilityGlobals) = postSolution
		SolutionGuid = {5262E268-2A9B-454F-841B-D4854636458C}
	EndGlobalSection
EndGlobal
